// !$*UTF8*$!
{
	archiveVersion = 1;
	classes = {
	};
	objectVersion = 56;
	objects = {

/* Begin PBXBuildFile section */
		471CDD282A847D5B004FFC41 /* ProfileView.swift in Sources */ = {isa = PBXBuildFile; fileRef = 471CDD272A847D5B004FFC41 /* ProfileView.swift */; };
		471CDD2C2A84850C004FFC41 /* UserStatView.swift in Sources */ = {isa = PBXBuildFile; fileRef = 471CDD2B2A84850C004FFC41 /* UserStatView.swift */; };
		471CDD302A848ADB004FFC41 /* FeedView.swift in Sources */ = {isa = PBXBuildFile; fileRef = 471CDD2F2A848ADB004FFC41 /* FeedView.swift */; };
		471CDD322A848AED004FFC41 /* PostCell.swift in Sources */ = {isa = PBXBuildFile; fileRef = 471CDD312A848AED004FFC41 /* PostCell.swift */; };
		4758BC5C2A849772006C02A1 /* SearchView.swift in Sources */ = {isa = PBXBuildFile; fileRef = 4758BC5B2A849772006C02A1 /* SearchView.swift */; };
		4758BC5E2A84A94C006C02A1 /* LoginView.swift in Sources */ = {isa = PBXBuildFile; fileRef = 4758BC5D2A84A94C006C02A1 /* LoginView.swift */; };
		4758BC602A84B213006C02A1 /* AddEmailView.swift in Sources */ = {isa = PBXBuildFile; fileRef = 4758BC5F2A84B213006C02A1 /* AddEmailView.swift */; };
		4758BC622A84B4EE006C02A1 /* TextFieldModifier.swift in Sources */ = {isa = PBXBuildFile; fileRef = 4758BC612A84B4EE006C02A1 /* TextFieldModifier.swift */; };
		4758BC642A84B5F4006C02A1 /* CreateUsernameView.swift in Sources */ = {isa = PBXBuildFile; fileRef = 4758BC632A84B5F4006C02A1 /* CreateUsernameView.swift */; };
		4758BC662A84B8ED006C02A1 /* CreatePasswordView.swift in Sources */ = {isa = PBXBuildFile; fileRef = 4758BC652A84B8ED006C02A1 /* CreatePasswordView.swift */; };
		4758BC682A84B9BF006C02A1 /* CompleteSignedUpView.swift in Sources */ = {isa = PBXBuildFile; fileRef = 4758BC672A84B9BF006C02A1 /* CompleteSignedUpView.swift */; };
		47D4C4162A81DA260034D459 /* NestupApp.swift in Sources */ = {isa = PBXBuildFile; fileRef = 47D4C4152A81DA260034D459 /* NestupApp.swift */; };
		47D4C4182A81DA260034D459 /* ContentView.swift in Sources */ = {isa = PBXBuildFile; fileRef = 47D4C4172A81DA260034D459 /* ContentView.swift */; };
		47D4C41A2A81DA270034D459 /* Assets.xcassets in Resources */ = {isa = PBXBuildFile; fileRef = 47D4C4192A81DA270034D459 /* Assets.xcassets */; };
		47D4C41D2A81DA270034D459 /* Preview Assets.xcassets in Resources */ = {isa = PBXBuildFile; fileRef = 47D4C41C2A81DA270034D459 /* Preview Assets.xcassets */; };
		FB1CAF5F2A835FDE0074334E /* userData.json in Resources */ = {isa = PBXBuildFile; fileRef = FB1CAF5E2A835FDE0074334E /* userData.json */; };
		FB1CAF642A8360850074334E /* ModelData.swift in Sources */ = {isa = PBXBuildFile; fileRef = FB1CAF632A8360850074334E /* ModelData.swift */; };
		FB1CAF662A83610E0074334E /* Users.swift in Sources */ = {isa = PBXBuildFile; fileRef = FB1CAF652A83610E0074334E /* Users.swift */; };
		FB1CAF6A2A84AF850074334E /* postData.json in Resources */ = {isa = PBXBuildFile; fileRef = FB1CAF692A84AF850074334E /* postData.json */; };
		FB1CAF6E2A84B4A40074334E /* Models.swift in Sources */ = {isa = PBXBuildFile; fileRef = FB1CAF6D2A84B4A40074334E /* Models.swift */; };
		FB7E5B452A874F1D00843C24 /* PostView.swift in Sources */ = {isa = PBXBuildFile; fileRef = FB7E5B442A874F1D00843C24 /* PostView.swift */; };
/* End PBXBuildFile section */

/* Begin PBXFileReference section */
		471CDD272A847D5B004FFC41 /* ProfileView.swift */ = {isa = PBXFileReference; lastKnownFileType = sourcecode.swift; path = ProfileView.swift; sourceTree = "<group>"; };
		471CDD2B2A84850C004FFC41 /* UserStatView.swift */ = {isa = PBXFileReference; lastKnownFileType = sourcecode.swift; path = UserStatView.swift; sourceTree = "<group>"; };
		471CDD2F2A848ADB004FFC41 /* FeedView.swift */ = {isa = PBXFileReference; lastKnownFileType = sourcecode.swift; path = FeedView.swift; sourceTree = "<group>"; };
		471CDD312A848AED004FFC41 /* PostCell.swift */ = {isa = PBXFileReference; lastKnownFileType = sourcecode.swift; path = PostCell.swift; sourceTree = "<group>"; };
		4758BC5B2A849772006C02A1 /* SearchView.swift */ = {isa = PBXFileReference; lastKnownFileType = sourcecode.swift; path = SearchView.swift; sourceTree = "<group>"; };
		4758BC5D2A84A94C006C02A1 /* LoginView.swift */ = {isa = PBXFileReference; lastKnownFileType = sourcecode.swift; path = LoginView.swift; sourceTree = "<group>"; };
		4758BC5F2A84B213006C02A1 /* AddEmailView.swift */ = {isa = PBXFileReference; lastKnownFileType = sourcecode.swift; path = AddEmailView.swift; sourceTree = "<group>"; };
		4758BC612A84B4EE006C02A1 /* TextFieldModifier.swift */ = {isa = PBXFileReference; lastKnownFileType = sourcecode.swift; path = TextFieldModifier.swift; sourceTree = "<group>"; };
		4758BC632A84B5F4006C02A1 /* CreateUsernameView.swift */ = {isa = PBXFileReference; lastKnownFileType = sourcecode.swift; path = CreateUsernameView.swift; sourceTree = "<group>"; };
		4758BC652A84B8ED006C02A1 /* CreatePasswordView.swift */ = {isa = PBXFileReference; lastKnownFileType = sourcecode.swift; path = CreatePasswordView.swift; sourceTree = "<group>"; };
		4758BC672A84B9BF006C02A1 /* CompleteSignedUpView.swift */ = {isa = PBXFileReference; lastKnownFileType = sourcecode.swift; path = CompleteSignedUpView.swift; sourceTree = "<group>"; };
		47D4C4122A81DA260034D459 /* Nestup.app */ = {isa = PBXFileReference; explicitFileType = wrapper.application; includeInIndex = 0; path = Nestup.app; sourceTree = BUILT_PRODUCTS_DIR; };
		47D4C4152A81DA260034D459 /* NestupApp.swift */ = {isa = PBXFileReference; lastKnownFileType = sourcecode.swift; path = NestupApp.swift; sourceTree = "<group>"; };
		47D4C4172A81DA260034D459 /* ContentView.swift */ = {isa = PBXFileReference; lastKnownFileType = sourcecode.swift; path = ContentView.swift; sourceTree = "<group>"; };
		47D4C4192A81DA270034D459 /* Assets.xcassets */ = {isa = PBXFileReference; lastKnownFileType = folder.assetcatalog; path = Assets.xcassets; sourceTree = "<group>"; };
		47D4C41C2A81DA270034D459 /* Preview Assets.xcassets */ = {isa = PBXFileReference; lastKnownFileType = folder.assetcatalog; path = "Preview Assets.xcassets"; sourceTree = "<group>"; };
		FB1CAF5E2A835FDE0074334E /* userData.json */ = {isa = PBXFileReference; fileEncoding = 4; lastKnownFileType = text.json; path = userData.json; sourceTree = "<group>"; };
		FB1CAF632A8360850074334E /* ModelData.swift */ = {isa = PBXFileReference; lastKnownFileType = sourcecode.swift; path = ModelData.swift; sourceTree = "<group>"; };
		FB1CAF652A83610E0074334E /* Users.swift */ = {isa = PBXFileReference; lastKnownFileType = sourcecode.swift; path = Users.swift; sourceTree = "<group>"; };
		FB1CAF692A84AF850074334E /* postData.json */ = {isa = PBXFileReference; fileEncoding = 4; lastKnownFileType = text.json; path = postData.json; sourceTree = "<group>"; };
		FB1CAF6D2A84B4A40074334E /* Models.swift */ = {isa = PBXFileReference; lastKnownFileType = sourcecode.swift; path = Models.swift; sourceTree = "<group>"; };
		FB7E5B442A874F1D00843C24 /* PostView.swift */ = {isa = PBXFileReference; lastKnownFileType = sourcecode.swift; path = PostView.swift; sourceTree = "<group>"; };
/* End PBXFileReference section */

/* Begin PBXFrameworksBuildPhase section */
		47D4C40F2A81DA260034D459 /* Frameworks */ = {
			isa = PBXFrameworksBuildPhase;
			buildActionMask = 2147483647;
			files = (
			);
			runOnlyForDeploymentPostprocessing = 0;
		};
/* End PBXFrameworksBuildPhase section */

/* Begin PBXGroup section */
		471CDD2A2A8484EA004FFC41 /* Components */ = {
			isa = PBXGroup;
			children = (
				471CDD2B2A84850C004FFC41 /* UserStatView.swift */,
				4758BC612A84B4EE006C02A1 /* TextFieldModifier.swift */,
			);
			path = Components;
			sourceTree = "<group>";
		};
		47D4C4092A81DA260034D459 = {
			isa = PBXGroup;
			children = (
				47D4C4142A81DA260034D459 /* Nestup */,
				47D4C4132A81DA260034D459 /* Products */,
			);
			sourceTree = "<group>";
		};
		47D4C4132A81DA260034D459 /* Products */ = {
			isa = PBXGroup;
			children = (
				47D4C4122A81DA260034D459 /* Nestup.app */,
			);
			name = Products;
			sourceTree = "<group>";
		};
		47D4C4142A81DA260034D459 /* Nestup */ = {
			isa = PBXGroup;
			children = (
				471CDD2A2A8484EA004FFC41 /* Components */,
				47D4C4272A81DA500034D459 /* App */,
				47D4C4252A81DA4B0034D459 /* Extensions */,
				47D4C4242A81DA480034D459 /* Model */,
				47D4C4232A81DA450034D459 /* Services */,
				47D4C4192A81DA270034D459 /* Assets.xcassets */,
				47D4C41B2A81DA270034D459 /* Preview Content */,
			);
			path = Nestup;
			sourceTree = "<group>";
		};
		47D4C41B2A81DA270034D459 /* Preview Content */ = {
			isa = PBXGroup;
			children = (
				47D4C41C2A81DA270034D459 /* Preview Assets.xcassets */,
			);
			path = "Preview Content";
			sourceTree = "<group>";
		};
		47D4C4232A81DA450034D459 /* Services */ = {
			isa = PBXGroup;
			children = (
			);
			path = Services;
			sourceTree = "<group>";
		};
		47D4C4242A81DA480034D459 /* Model */ = {
			isa = PBXGroup;
			children = (
			);
			path = Model;
			sourceTree = "<group>";
		};
		47D4C4252A81DA4B0034D459 /* Extensions */ = {
			isa = PBXGroup;
			children = (
			);
			path = Extensions;
			sourceTree = "<group>";
		};
		47D4C4272A81DA500034D459 /* App */ = {
			isa = PBXGroup;
			children = (
				47D4C4152A81DA260034D459 /* NestupApp.swift */,
				FB1CAF622A8360660074334E /* Models */,
				FB1CAF5D2A835FC70074334E /* Resources */,
				FB1CAF5C2A835FAA0074334E /* Views */,
			);
			path = App;
			sourceTree = "<group>";
		};
		47D4C4282A81DA9A0034D459 /* Authentication */ = {
			isa = PBXGroup;
			children = (
				4758BC5D2A84A94C006C02A1 /* LoginView.swift */,
				4758BC5F2A84B213006C02A1 /* AddEmailView.swift */,
				4758BC632A84B5F4006C02A1 /* CreateUsernameView.swift */,
				4758BC652A84B8ED006C02A1 /* CreatePasswordView.swift */,
				4758BC672A84B9BF006C02A1 /* CompleteSignedUpView.swift */,
			);
			path = Authentication;
			sourceTree = "<group>";
		};
		FB1CAF5C2A835FAA0074334E /* Views */ = {
			isa = PBXGroup;
			children = (
				47D4C4172A81DA260034D459 /* ContentView.swift */,
				FB7E5B402A86C44F00843C24 /* Main */,
				FB1CAF652A83610E0074334E /* Users.swift */,
				FB7E5B412A874E2000843C24 /* Post */,
				47D4C4282A81DA9A0034D459 /* Authentication */,
			);
			path = Views;
			sourceTree = "<group>";
		};
		FB1CAF5D2A835FC70074334E /* Resources */ = {
			isa = PBXGroup;
			children = (
				FB1CAF692A84AF850074334E /* postData.json */,
				FB1CAF5E2A835FDE0074334E /* userData.json */,
			);
			path = Resources;
			sourceTree = "<group>";
		};
		FB1CAF622A8360660074334E /* Models */ = {
			isa = PBXGroup;
			children = (
				FB1CAF6D2A84B4A40074334E /* Models.swift */,
				FB1CAF632A8360850074334E /* ModelData.swift */,
			);
			path = Models;
			sourceTree = "<group>";
		};
		FB7E5B402A86C44F00843C24 /* Main */ = {
			isa = PBXGroup;
			children = (
				471CDD2F2A848ADB004FFC41 /* FeedView.swift */,
				471CDD272A847D5B004FFC41 /* ProfileView.swift */,
				4758BC5B2A849772006C02A1 /* SearchView.swift */,
			);
			path = Main;
			sourceTree = "<group>";
		};
		FB7E5B412A874E2000843C24 /* Post */ = {
			isa = PBXGroup;
			children = (
				471CDD312A848AED004FFC41 /* PostCell.swift */,
				FB7E5B442A874F1D00843C24 /* PostView.swift */,
			);
			path = Post;
			sourceTree = "<group>";
		};
/* End PBXGroup section */

/* Begin PBXNativeTarget section */
		47D4C4112A81DA260034D459 /* Nestup */ = {
			isa = PBXNativeTarget;
			buildConfigurationList = 47D4C4202A81DA270034D459 /* Build configuration list for PBXNativeTarget "Nestup" */;
			buildPhases = (
				47D4C40E2A81DA260034D459 /* Sources */,
				47D4C40F2A81DA260034D459 /* Frameworks */,
				47D4C4102A81DA260034D459 /* Resources */,
			);
			buildRules = (
			);
			dependencies = (
			);
			name = Nestup;
			productName = Nestup;
			productReference = 47D4C4122A81DA260034D459 /* Nestup.app */;
			productType = "com.apple.product-type.application";
		};
/* End PBXNativeTarget section */

/* Begin PBXProject section */
		47D4C40A2A81DA260034D459 /* Project object */ = {
			isa = PBXProject;
			attributes = {
				BuildIndependentTargetsInParallel = 1;
				LastSwiftUpdateCheck = 1430;
				LastUpgradeCheck = 1430;
				TargetAttributes = {
					47D4C4112A81DA260034D459 = {
						CreatedOnToolsVersion = 14.3.1;
					};
				};
			};
			buildConfigurationList = 47D4C40D2A81DA260034D459 /* Build configuration list for PBXProject "Nestup" */;
			compatibilityVersion = "Xcode 14.0";
			developmentRegion = en;
			hasScannedForEncodings = 0;
			knownRegions = (
				en,
				Base,
			);
			mainGroup = 47D4C4092A81DA260034D459;
			productRefGroup = 47D4C4132A81DA260034D459 /* Products */;
			projectDirPath = "";
			projectRoot = "";
			targets = (
				47D4C4112A81DA260034D459 /* Nestup */,
			);
		};
/* End PBXProject section */

/* Begin PBXResourcesBuildPhase section */
		47D4C4102A81DA260034D459 /* Resources */ = {
			isa = PBXResourcesBuildPhase;
			buildActionMask = 2147483647;
			files = (
				47D4C41D2A81DA270034D459 /* Preview Assets.xcassets in Resources */,
				FB1CAF6A2A84AF850074334E /* postData.json in Resources */,
				FB1CAF5F2A835FDE0074334E /* userData.json in Resources */,
				47D4C41A2A81DA270034D459 /* Assets.xcassets in Resources */,
			);
			runOnlyForDeploymentPostprocessing = 0;
		};
/* End PBXResourcesBuildPhase section */

/* Begin PBXSourcesBuildPhase section */
		47D4C40E2A81DA260034D459 /* Sources */ = {
			isa = PBXSourcesBuildPhase;
			buildActionMask = 2147483647;
			files = (
				4758BC682A84B9BF006C02A1 /* CompleteSignedUpView.swift in Sources */,
				471CDD322A848AED004FFC41 /* PostCell.swift in Sources */,
				471CDD282A847D5B004FFC41 /* ProfileView.swift in Sources */,
				4758BC5E2A84A94C006C02A1 /* LoginView.swift in Sources */,
				47D4C4182A81DA260034D459 /* ContentView.swift in Sources */,
				4758BC602A84B213006C02A1 /* AddEmailView.swift in Sources */,
				4758BC642A84B5F4006C02A1 /* CreateUsernameView.swift in Sources */,
				4758BC5C2A849772006C02A1 /* SearchView.swift in Sources */,
				471CDD2C2A84850C004FFC41 /* UserStatView.swift in Sources */,
				471CDD302A848ADB004FFC41 /* FeedView.swift in Sources */,
				4758BC622A84B4EE006C02A1 /* TextFieldModifier.swift in Sources */,
				47D4C4162A81DA260034D459 /* NestupApp.swift in Sources */,
				4758BC662A84B8ED006C02A1 /* CreatePasswordView.swift in Sources */,
				FB1CAF642A8360850074334E /* ModelData.swift in Sources */,
				FB1CAF662A83610E0074334E /* Users.swift in Sources */,
				47D4C4162A81DA260034D459 /* NestupApp.swift in Sources */,
				FB7E5B452A874F1D00843C24 /* PostView.swift in Sources */,
				FB1CAF6E2A84B4A40074334E /* Models.swift in Sources */,
			);
			runOnlyForDeploymentPostprocessing = 0;
		};
/* End PBXSourcesBuildPhase section */

/* Begin XCBuildConfiguration section */
		47D4C41E2A81DA270034D459 /* Debug */ = {
			isa = XCBuildConfiguration;
			buildSettings = {
				ALWAYS_SEARCH_USER_PATHS = NO;
				CLANG_ANALYZER_NONNULL = YES;
				CLANG_ANALYZER_NUMBER_OBJECT_CONVERSION = YES_AGGRESSIVE;
				CLANG_CXX_LANGUAGE_STANDARD = "gnu++20";
				CLANG_ENABLE_MODULES = YES;
				CLANG_ENABLE_OBJC_ARC = YES;
				CLANG_ENABLE_OBJC_WEAK = YES;
				CLANG_WARN_BLOCK_CAPTURE_AUTORELEASING = YES;
				CLANG_WARN_BOOL_CONVERSION = YES;
				CLANG_WARN_COMMA = YES;
				CLANG_WARN_CONSTANT_CONVERSION = YES;
				CLANG_WARN_DEPRECATED_OBJC_IMPLEMENTATIONS = YES;
				CLANG_WARN_DIRECT_OBJC_ISA_USAGE = YES_ERROR;
				CLANG_WARN_DOCUMENTATION_COMMENTS = YES;
				CLANG_WARN_EMPTY_BODY = YES;
				CLANG_WARN_ENUM_CONVERSION = YES;
				CLANG_WARN_INFINITE_RECURSION = YES;
				CLANG_WARN_INT_CONVERSION = YES;
				CLANG_WARN_NON_LITERAL_NULL_CONVERSION = YES;
				CLANG_WARN_OBJC_IMPLICIT_RETAIN_SELF = YES;
				CLANG_WARN_OBJC_LITERAL_CONVERSION = YES;
				CLANG_WARN_OBJC_ROOT_CLASS = YES_ERROR;
				CLANG_WARN_QUOTED_INCLUDE_IN_FRAMEWORK_HEADER = YES;
				CLANG_WARN_RANGE_LOOP_ANALYSIS = YES;
				CLANG_WARN_STRICT_PROTOTYPES = YES;
				CLANG_WARN_SUSPICIOUS_MOVE = YES;
				CLANG_WARN_UNGUARDED_AVAILABILITY = YES_AGGRESSIVE;
				CLANG_WARN_UNREACHABLE_CODE = YES;
				CLANG_WARN__DUPLICATE_METHOD_MATCH = YES;
				COPY_PHASE_STRIP = NO;
				DEBUG_INFORMATION_FORMAT = dwarf;
				ENABLE_STRICT_OBJC_MSGSEND = YES;
				ENABLE_TESTABILITY = YES;
				GCC_C_LANGUAGE_STANDARD = gnu11;
				GCC_DYNAMIC_NO_PIC = NO;
				GCC_NO_COMMON_BLOCKS = YES;
				GCC_OPTIMIZATION_LEVEL = 0;
				GCC_PREPROCESSOR_DEFINITIONS = (
					"DEBUG=1",
					"$(inherited)",
				);
				GCC_WARN_64_TO_32_BIT_CONVERSION = YES;
				GCC_WARN_ABOUT_RETURN_TYPE = YES_ERROR;
				GCC_WARN_UNDECLARED_SELECTOR = YES;
				GCC_WARN_UNINITIALIZED_AUTOS = YES_AGGRESSIVE;
				GCC_WARN_UNUSED_FUNCTION = YES;
				GCC_WARN_UNUSED_VARIABLE = YES;
				IPHONEOS_DEPLOYMENT_TARGET = 16.4;
				MTL_ENABLE_DEBUG_INFO = INCLUDE_SOURCE;
				MTL_FAST_MATH = YES;
				ONLY_ACTIVE_ARCH = YES;
				SDKROOT = iphoneos;
				SWIFT_ACTIVE_COMPILATION_CONDITIONS = DEBUG;
				SWIFT_OPTIMIZATION_LEVEL = "-Onone";
			};
			name = Debug;
		};
		47D4C41F2A81DA270034D459 /* Release */ = {
			isa = XCBuildConfiguration;
			buildSettings = {
				ALWAYS_SEARCH_USER_PATHS = NO;
				CLANG_ANALYZER_NONNULL = YES;
				CLANG_ANALYZER_NUMBER_OBJECT_CONVERSION = YES_AGGRESSIVE;
				CLANG_CXX_LANGUAGE_STANDARD = "gnu++20";
				CLANG_ENABLE_MODULES = YES;
				CLANG_ENABLE_OBJC_ARC = YES;
				CLANG_ENABLE_OBJC_WEAK = YES;
				CLANG_WARN_BLOCK_CAPTURE_AUTORELEASING = YES;
				CLANG_WARN_BOOL_CONVERSION = YES;
				CLANG_WARN_COMMA = YES;
				CLANG_WARN_CONSTANT_CONVERSION = YES;
				CLANG_WARN_DEPRECATED_OBJC_IMPLEMENTATIONS = YES;
				CLANG_WARN_DIRECT_OBJC_ISA_USAGE = YES_ERROR;
				CLANG_WARN_DOCUMENTATION_COMMENTS = YES;
				CLANG_WARN_EMPTY_BODY = YES;
				CLANG_WARN_ENUM_CONVERSION = YES;
				CLANG_WARN_INFINITE_RECURSION = YES;
				CLANG_WARN_INT_CONVERSION = YES;
				CLANG_WARN_NON_LITERAL_NULL_CONVERSION = YES;
				CLANG_WARN_OBJC_IMPLICIT_RETAIN_SELF = YES;
				CLANG_WARN_OBJC_LITERAL_CONVERSION = YES;
				CLANG_WARN_OBJC_ROOT_CLASS = YES_ERROR;
				CLANG_WARN_QUOTED_INCLUDE_IN_FRAMEWORK_HEADER = YES;
				CLANG_WARN_RANGE_LOOP_ANALYSIS = YES;
				CLANG_WARN_STRICT_PROTOTYPES = YES;
				CLANG_WARN_SUSPICIOUS_MOVE = YES;
				CLANG_WARN_UNGUARDED_AVAILABILITY = YES_AGGRESSIVE;
				CLANG_WARN_UNREACHABLE_CODE = YES;
				CLANG_WARN__DUPLICATE_METHOD_MATCH = YES;
				COPY_PHASE_STRIP = NO;
				DEBUG_INFORMATION_FORMAT = "dwarf-with-dsym";
				ENABLE_NS_ASSERTIONS = NO;
				ENABLE_STRICT_OBJC_MSGSEND = YES;
				GCC_C_LANGUAGE_STANDARD = gnu11;
				GCC_NO_COMMON_BLOCKS = YES;
				GCC_WARN_64_TO_32_BIT_CONVERSION = YES;
				GCC_WARN_ABOUT_RETURN_TYPE = YES_ERROR;
				GCC_WARN_UNDECLARED_SELECTOR = YES;
				GCC_WARN_UNINITIALIZED_AUTOS = YES_AGGRESSIVE;
				GCC_WARN_UNUSED_FUNCTION = YES;
				GCC_WARN_UNUSED_VARIABLE = YES;
				IPHONEOS_DEPLOYMENT_TARGET = 16.4;
				MTL_ENABLE_DEBUG_INFO = NO;
				MTL_FAST_MATH = YES;
				SDKROOT = iphoneos;
				SWIFT_COMPILATION_MODE = wholemodule;
				SWIFT_OPTIMIZATION_LEVEL = "-O";
				VALIDATE_PRODUCT = YES;
			};
			name = Release;
		};
		47D4C4212A81DA270034D459 /* Debug */ = {
			isa = XCBuildConfiguration;
			buildSettings = {
				ASSETCATALOG_COMPILER_APPICON_NAME = AppIcon;
				ASSETCATALOG_COMPILER_GLOBAL_ACCENT_COLOR_NAME = AccentColor;
				CODE_SIGN_STYLE = Automatic;
				CURRENT_PROJECT_VERSION = 1;
				DEVELOPMENT_ASSET_PATHS = "\"Nestup/Preview Content\"";
				ENABLE_PREVIEWS = YES;
				GENERATE_INFOPLIST_FILE = YES;
				INFOPLIST_KEY_UIApplicationSceneManifest_Generation = YES;
				INFOPLIST_KEY_UIApplicationSupportsIndirectInputEvents = YES;
				INFOPLIST_KEY_UILaunchScreen_Generation = YES;
				INFOPLIST_KEY_UISupportedInterfaceOrientations_iPad = "UIInterfaceOrientationPortrait UIInterfaceOrientationPortraitUpsideDown UIInterfaceOrientationLandscapeLeft UIInterfaceOrientationLandscapeRight";
				INFOPLIST_KEY_UISupportedInterfaceOrientations_iPhone = "UIInterfaceOrientationPortrait UIInterfaceOrientationLandscapeLeft UIInterfaceOrientationLandscapeRight";
				LD_RUNPATH_SEARCH_PATHS = (
					"$(inherited)",
					"@executable_path/Frameworks",
				);
				MARKETING_VERSION = 1.0;
				PRODUCT_BUNDLE_IDENTIFIER = com.oscar.Nestup;
				PRODUCT_NAME = "$(TARGET_NAME)";
				SWIFT_EMIT_LOC_STRINGS = YES;
				SWIFT_VERSION = 5.0;
				TARGETED_DEVICE_FAMILY = "1,2";
			};
			name = Debug;
		};
		47D4C4222A81DA270034D459 /* Release */ = {
			isa = XCBuildConfiguration;
			buildSettings = {
				ASSETCATALOG_COMPILER_APPICON_NAME = AppIcon;
				ASSETCATALOG_COMPILER_GLOBAL_ACCENT_COLOR_NAME = AccentColor;
				CODE_SIGN_STYLE = Automatic;
				CURRENT_PROJECT_VERSION = 1;
				DEVELOPMENT_ASSET_PATHS = "\"Nestup/Preview Content\"";
				ENABLE_PREVIEWS = YES;
				GENERATE_INFOPLIST_FILE = YES;
				INFOPLIST_KEY_UIApplicationSceneManifest_Generation = YES;
				INFOPLIST_KEY_UIApplicationSupportsIndirectInputEvents = YES;
				INFOPLIST_KEY_UILaunchScreen_Generation = YES;
				INFOPLIST_KEY_UISupportedInterfaceOrientations_iPad = "UIInterfaceOrientationPortrait UIInterfaceOrientationPortraitUpsideDown UIInterfaceOrientationLandscapeLeft UIInterfaceOrientationLandscapeRight";
				INFOPLIST_KEY_UISupportedInterfaceOrientations_iPhone = "UIInterfaceOrientationPortrait UIInterfaceOrientationLandscapeLeft UIInterfaceOrientationLandscapeRight";
				LD_RUNPATH_SEARCH_PATHS = (
					"$(inherited)",
					"@executable_path/Frameworks",
				);
				MARKETING_VERSION = 1.0;
				PRODUCT_BUNDLE_IDENTIFIER = com.oscar.Nestup;
				PRODUCT_NAME = "$(TARGET_NAME)";
				SWIFT_EMIT_LOC_STRINGS = YES;
				SWIFT_VERSION = 5.0;
				TARGETED_DEVICE_FAMILY = "1,2";
			};
			name = Release;
		};
/* End XCBuildConfiguration section */

/* Begin XCConfigurationList section */
		47D4C40D2A81DA260034D459 /* Build configuration list for PBXProject "Nestup" */ = {
			isa = XCConfigurationList;
			buildConfigurations = (
				47D4C41E2A81DA270034D459 /* Debug */,
				47D4C41F2A81DA270034D459 /* Release */,
			);
			defaultConfigurationIsVisible = 0;
			defaultConfigurationName = Release;
		};
		47D4C4202A81DA270034D459 /* Build configuration list for PBXNativeTarget "Nestup" */ = {
			isa = XCConfigurationList;
			buildConfigurations = (
				47D4C4212A81DA270034D459 /* Debug */,
				47D4C4222A81DA270034D459 /* Release */,
			);
			defaultConfigurationIsVisible = 0;
			defaultConfigurationName = Release;
		};
/* End XCConfigurationList section */
	};
	rootObject = 47D4C40A2A81DA260034D459 /* Project object */;
}
